// !$*UTF8*$!
{
	archiveVersion = 1;
	classes = {
	};
	objectVersion = 51;
	objects = {

/* Begin PBXBuildFile section */
		882494C62236FBDB0036F41B /* AppDelegate.swift in Sources */ = {isa = PBXBuildFile; fileRef = 882494C52236FBDB0036F41B /* AppDelegate.swift */; };
		882494C82236FBDB0036F41B /* ViewController.swift in Sources */ = {isa = PBXBuildFile; fileRef = 882494C72236FBDB0036F41B /* ViewController.swift */; };
		882494CB2236FBDB0036F41B /* Main.storyboard in Resources */ = {isa = PBXBuildFile; fileRef = 882494C92236FBDB0036F41B /* Main.storyboard */; };
		882494CD2236FBDD0036F41B /* Assets.xcassets in Resources */ = {isa = PBXBuildFile; fileRef = 882494CC2236FBDD0036F41B /* Assets.xcassets */; };
		882494D02236FBDD0036F41B /* LaunchScreen.storyboard in Resources */ = {isa = PBXBuildFile; fileRef = 882494CE2236FBDD0036F41B /* LaunchScreen.storyboard */; };
		882494DB2236FBDE0036F41B /* project1Tests.swift in Sources */ = {isa = PBXBuildFile; fileRef = 882494DA2236FBDE0036F41B /* project1Tests.swift */; };
		882494E62236FBDE0036F41B /* project1UITests.swift in Sources */ = {isa = PBXBuildFile; fileRef = 882494E52236FBDE0036F41B /* project1UITests.swift */; };
/* End PBXBuildFile section */

/* Begin PBXContainerItemProxy section */
		882494D72236FBDE0036F41B /* PBXContainerItemProxy */ = {
			isa = PBXContainerItemProxy;
			containerPortal = 882494BA2236FBDB0036F41B /* Project object */;
			proxyType = 1;
			remoteGlobalIDString = 882494C12236FBDB0036F41B;
			remoteInfo = project1;
		};
		882494E22236FBDE0036F41B /* PBXContainerItemProxy */ = {
			isa = PBXContainerItemProxy;
			containerPortal = 882494BA2236FBDB0036F41B /* Project object */;
			proxyType = 1;
			remoteGlobalIDString = 882494C12236FBDB0036F41B;
			remoteInfo = project1;
		};
/* End PBXContainerItemProxy section */

/* Begin PBXFileReference section */
		882494C22236FBDB0036F41B /* project1.app */ = {isa = PBXFileReference; explicitFileType = wrapper.application; includeInIndex = 0; path = project1.app; sourceTree = BUILT_PRODUCTS_DIR; };
		882494C52236FBDB0036F41B /* AppDelegate.swift */ = {isa = PBXFileReference; lastKnownFileType = sourcecode.swift; path = AppDelegate.swift; sourceTree = "<group>"; };
		882494C72236FBDB0036F41B /* ViewController.swift */ = {isa = PBXFileReference; lastKnownFileType = sourcecode.swift; path = ViewController.swift; sourceTree = "<group>"; };
		882494CA2236FBDB0036F41B /* Base */ = {isa = PBXFileReference; lastKnownFileType = file.storyboard; name = Base; path = Base.lproj/Main.storyboard; sourceTree = "<group>"; };
		882494CC2236FBDD0036F41B /* Assets.xcassets */ = {isa = PBXFileReference; lastKnownFileType = folder.assetcatalog; path = Assets.xcassets; sourceTree = "<group>"; };
		882494CF2236FBDD0036F41B /* Base */ = {isa = PBXFileReference; lastKnownFileType = file.storyboard; name = Base; path = Base.lproj/LaunchScreen.storyboard; sourceTree = "<group>"; };
		882494D12236FBDD0036F41B /* Info.plist */ = {isa = PBXFileReference; lastKnownFileType = text.plist.xml; path = Info.plist; sourceTree = "<group>"; };
		882494D62236FBDE0036F41B /* project1Tests.xctest */ = {isa = PBXFileReference; explicitFileType = wrapper.cfbundle; includeInIndex = 0; path = project1Tests.xctest; sourceTree = BUILT_PRODUCTS_DIR; };
		882494DA2236FBDE0036F41B /* project1Tests.swift */ = {isa = PBXFileReference; lastKnownFileType = sourcecode.swift; path = project1Tests.swift; sourceTree = "<group>"; };
		882494DC2236FBDE0036F41B /* Info.plist */ = {isa = PBXFileReference; lastKnownFileType = text.plist.xml; path = Info.plist; sourceTree = "<group>"; };
		882494E12236FBDE0036F41B /* project1UITests.xctest */ = {isa = PBXFileReference; explicitFileType = wrapper.cfbundle; includeInIndex = 0; path = project1UITests.xctest; sourceTree = BUILT_PRODUCTS_DIR; };
		882494E52236FBDE0036F41B /* project1UITests.swift */ = {isa = PBXFileReference; lastKnownFileType = sourcecode.swift; path = project1UITests.swift; sourceTree = "<group>"; };
		882494E72236FBDE0036F41B /* Info.plist */ = {isa = PBXFileReference; lastKnownFileType = text.plist.xml; path = Info.plist; sourceTree = "<group>"; };
/* End PBXFileReference section */

/* Begin PBXFrameworksBuildPhase section */
		882494BF2236FBDB0036F41B /* Frameworks */ = {
			isa = PBXFrameworksBuildPhase;
			buildActionMask = 2147483647;
			files = (
			);
			runOnlyForDeploymentPostprocessing = 0;
		};
		882494D32236FBDE0036F41B /* Frameworks */ = {
			isa = PBXFrameworksBuildPhase;
			buildActionMask = 2147483647;
			files = (
			);
			runOnlyForDeploymentPostprocessing = 0;
		};
		882494DE2236FBDE0036F41B /* Frameworks */ = {
			isa = PBXFrameworksBuildPhase;
			buildActionMask = 2147483647;
			files = (
			);
			runOnlyForDeploymentPostprocessing = 0;
		};
/* End PBXFrameworksBuildPhase section */

/* Begin PBXGroup section */
		882494B92236FBDB0036F41B = {
			isa = PBXGroup;
			children = (
				882494C42236FBDB0036F41B /* project1 */,
				882494D92236FBDE0036F41B /* project1Tests */,
				882494E42236FBDE0036F41B /* project1UITests */,
				882494C32236FBDB0036F41B /* Products */,
			);
			sourceTree = "<group>";
		};
		882494C32236FBDB0036F41B /* Products */ = {
			isa = PBXGroup;
			children = (
				882494C22236FBDB0036F41B /* project1.app */,
				882494D62236FBDE0036F41B /* project1Tests.xctest */,
				882494E12236FBDE0036F41B /* project1UITests.xctest */,
			);
			name = Products;
			sourceTree = "<group>";
		};
		882494C42236FBDB0036F41B /* project1 */ = {
			isa = PBXGroup;
			children = (
				882494C52236FBDB0036F41B /* AppDelegate.swift */,
				882494C72236FBDB0036F41B /* ViewController.swift */,
				882494C92236FBDB0036F41B /* Main.storyboard */,
				882494CC2236FBDD0036F41B /* Assets.xcassets */,
				882494CE2236FBDD0036F41B /* LaunchScreen.storyboard */,
				882494D12236FBDD0036F41B /* Info.plist */,
			);
			path = project1;
			sourceTree = "<group>";
		};
		882494D92236FBDE0036F41B /* project1Tests */ = {
			isa = PBXGroup;
			children = (
				882494DA2236FBDE0036F41B /* project1Tests.swift */,
				882494DC2236FBDE0036F41B /* Info.plist */,
			);
			path = project1Tests;
			sourceTree = "<group>";
		};
		882494E42236FBDE0036F41B /* project1UITests */ = {
			isa = PBXGroup;
			children = (
				882494E52236FBDE0036F41B /* project1UITests.swift */,
				882494E72236FBDE0036F41B /* Info.plist */,
			);
			path = project1UITests;
			sourceTree = "<group>";
		};
/* End PBXGroup section */

/* Begin PBXNativeTarget section */
		882494C12236FBDB0036F41B /* project1 */ = {
			isa = PBXNativeTarget;
			buildConfigurationList = 882494EA2236FBDE0036F41B /* Build configuration list for PBXNativeTarget "project1" */;
			buildPhases = (
				882494BE2236FBDB0036F41B /* Sources */,
				882494BF2236FBDB0036F41B /* Frameworks */,
				882494C02236FBDB0036F41B /* Resources */,
			);
			buildRules = (
			);
			dependencies = (
			);
			name = project1;
			productName = project1;
			productReference = 882494C22236FBDB0036F41B /* project1.app */;
			productType = "com.apple.product-type.application";
		};
		882494D52236FBDE0036F41B /* project1Tests */ = {
			isa = PBXNativeTarget;
			buildConfigurationList = 882494ED2236FBDE0036F41B /* Build configuration list for PBXNativeTarget "project1Tests" */;
			buildPhases = (
				882494D22236FBDE0036F41B /* Sources */,
				882494D32236FBDE0036F41B /* Frameworks */,
				882494D42236FBDE0036F41B /* Resources */,
			);
			buildRules = (
			);
			dependencies = (
				882494D82236FBDE0036F41B /* PBXTargetDependency */,
			);
			name = project1Tests;
			productName = project1Tests;
			productReference = 882494D62236FBDE0036F41B /* project1Tests.xctest */;
			productType = "com.apple.product-type.bundle.unit-test";
		};
		882494E02236FBDE0036F41B /* project1UITests */ = {
			isa = PBXNativeTarget;
			buildConfigurationList = 882494F02236FBDE0036F41B /* Build configuration list for PBXNativeTarget "project1UITests" */;
			buildPhases = (
				882494DD2236FBDE0036F41B /* Sources */,
				882494DE2236FBDE0036F41B /* Frameworks */,
				882494DF2236FBDE0036F41B /* Resources */,
			);
			buildRules = (
			);
			dependencies = (
				882494E32236FBDE0036F41B /* PBXTargetDependency */,
			);
			name = project1UITests;
			productName = project1UITests;
			productReference = 882494E12236FBDE0036F41B /* project1UITests.xctest */;
			productType = "com.apple.product-type.bundle.ui-testing";
		};
/* End PBXNativeTarget section */

/* Begin PBXProject section */
		882494BA2236FBDB0036F41B /* Project object */ = {
			isa = PBXProject;
			attributes = {
				LastSwiftUpdateCheck = 1010;
				LastUpgradeCheck = 1010;
				ORGANIZATIONNAME = "Savage, Carissa";
				TargetAttributes = {
					882494C12236FBDB0036F41B = {
						CreatedOnToolsVersion = 10.1;
					};
					882494D52236FBDE0036F41B = {
						CreatedOnToolsVersion = 10.1;
						TestTargetID = 882494C12236FBDB0036F41B;
					};
					882494E02236FBDE0036F41B = {
						CreatedOnToolsVersion = 10.1;
						TestTargetID = 882494C12236FBDB0036F41B;
					};
				};
			};
			buildConfigurationList = 882494BD2236FBDB0036F41B /* Build configuration list for PBXProject "project1" */;
			compatibilityVersion = "Xcode 10.0";
			developmentRegion = en;
			hasScannedForEncodings = 0;
			knownRegions = (
				en,
				Base,
			);
			mainGroup = 882494B92236FBDB0036F41B;
			productRefGroup = 882494C32236FBDB0036F41B /* Products */;
			projectDirPath = "";
			projectRoot = "";
			targets = (
				882494C12236FBDB0036F41B /* project1 */,
				882494D52236FBDE0036F41B /* project1Tests */,
				882494E02236FBDE0036F41B /* project1UITests */,
			);
		};
/* End PBXProject section */

/* Begin PBXResourcesBuildPhase section */
		882494C02236FBDB0036F41B /* Resources */ = {
			isa = PBXResourcesBuildPhase;
			buildActionMask = 2147483647;
			files = (
				882494D02236FBDD0036F41B /* LaunchScreen.storyboard in Resources */,
				882494CD2236FBDD0036F41B /* Assets.xcassets in Resources */,
				882494CB2236FBDB0036F41B /* Main.storyboard in Resources */,
			);
			runOnlyForDeploymentPostprocessing = 0;
		};
		882494D42236FBDE0036F41B /* Resources */ = {
			isa = PBXResourcesBuildPhase;
			buildActionMask = 2147483647;
			files = (
			);
			runOnlyForDeploymentPostprocessing = 0;
		};
		882494DF2236FBDE0036F41B /* Resources */ = {
			isa = PBXResourcesBuildPhase;
			buildActionMask = 2147483647;
			files = (
			);
			runOnlyForDeploymentPostprocessing = 0;
		};
/* End PBXResourcesBuildPhase section */

/* Begin PBXSourcesBuildPhase section */
		882494BE2236FBDB0036F41B /* Sources */ = {
			isa = PBXSourcesBuildPhase;
			buildActionMask = 2147483647;
			files = (
				882494C82236FBDB0036F41B /* ViewController.swift in Sources */,
				882494C62236FBDB0036F41B /* AppDelegate.swift in Sources */,
			);
			runOnlyForDeploymentPostprocessing = 0;
		};
		882494D22236FBDE0036F41B /* Sources */ = {
			isa = PBXSourcesBuildPhase;
			buildActionMask = 2147483647;
			files = (
				882494DB2236FBDE0036F41B /* project1Tests.swift in Sources */,
			);
			runOnlyForDeploymentPostprocessing = 0;
		};
		882494DD2236FBDE0036F41B /* Sources */ = {
			isa = PBXSourcesBuildPhase;
			buildActionMask = 2147483647;
			files = (
				882494E62236FBDE0036F41B /* project1UITests.swift in Sources */,
			);
			runOnlyForDeploymentPostprocessing = 0;
		};
/* End PBXSourcesBuildPhase section */

/* Begin PBXTargetDependency section */
		882494D82236FBDE0036F41B /* PBXTargetDependency */ = {
			isa = PBXTargetDependency;
			target = 882494C12236FBDB0036F41B /* project1 */;
			targetProxy = 882494D72236FBDE0036F41B /* PBXContainerItemProxy */;
		};
		882494E32236FBDE0036F41B /* PBXTargetDependency */ = {
			isa = PBXTargetDependency;
			target = 882494C12236FBDB0036F41B /* project1 */;
			targetProxy = 882494E22236FBDE0036F41B /* PBXContainerItemProxy */;
		};
/* End PBXTargetDependency section */

/* Begin PBXVariantGroup section */
		882494C92236FBDB0036F41B /* Main.storyboard */ = {
			isa = PBXVariantGroup;
			children = (
				882494CA2236FBDB0036F41B /* Base */,
			);
			name = Main.storyboard;
			sourceTree = "<group>";
		};
		882494CE2236FBDD0036F41B /* LaunchScreen.storyboard */ = {
			isa = PBXVariantGroup;
			children = (
				882494CF2236FBDD0036F41B /* Base */,
			);
			name = LaunchScreen.storyboard;
			sourceTree = "<group>";
		};
/* End PBXVariantGroup section */

/* Begin XCBuildConfiguration section */
		882494E82236FBDE0036F41B /* Debug */ = {
			isa = XCBuildConfiguration;
			buildSettings = {
				ALWAYS_SEARCH_USER_PATHS = NO;
				CLANG_ANALYZER_NONNULL = YES;
				CLANG_ANALYZER_NUMBER_OBJECT_CONVERSION = YES_AGGRESSIVE;
				CLANG_CXX_LANGUAGE_STANDARD = "gnu++14";
				CLANG_CXX_LIBRARY = "libc++";
				CLANG_ENABLE_MODULES = YES;
				CLANG_ENABLE_OBJC_ARC = YES;
				CLANG_ENABLE_OBJC_WEAK = YES;
				CLANG_WARN_BLOCK_CAPTURE_AUTORELEASING = YES;
				CLANG_WARN_BOOL_CONVERSION = YES;
				CLANG_WARN_COMMA = YES;
				CLANG_WARN_CONSTANT_CONVERSION = YES;
				CLANG_WARN_DEPRECATED_OBJC_IMPLEMENTATIONS = YES;
				CLANG_WARN_DIRECT_OBJC_ISA_USAGE = YES_ERROR;
				CLANG_WARN_DOCUMENTATION_COMMENTS = YES;
				CLANG_WARN_EMPTY_BODY = YES;
				CLANG_WARN_ENUM_CONVERSION = YES;
				CLANG_WARN_INFINITE_RECURSION = YES;
				CLANG_WARN_INT_CONVERSION = YES;
				CLANG_WARN_NON_LITERAL_NULL_CONVERSION = YES;
				CLANG_WARN_OBJC_IMPLICIT_RETAIN_SELF = YES;
				CLANG_WARN_OBJC_LITERAL_CONVERSION = YES;
				CLANG_WARN_OBJC_ROOT_CLASS = YES_ERROR;
				CLANG_WARN_RANGE_LOOP_ANALYSIS = YES;
				CLANG_WARN_STRICT_PROTOTYPES = YES;
				CLANG_WARN_SUSPICIOUS_MOVE = YES;
				CLANG_WARN_UNGUARDED_AVAILABILITY = YES_AGGRESSIVE;
				CLANG_WARN_UNREACHABLE_CODE = YES;
				CLANG_WARN__DUPLICATE_METHOD_MATCH = YES;
				CODE_SIGN_IDENTITY = "iPhone Developer";
				COPY_PHASE_STRIP = NO;
				DEBUG_INFORMATION_FORMAT = dwarf;
				ENABLE_STRICT_OBJC_MSGSEND = YES;
				ENABLE_TESTABILITY = YES;
				GCC_C_LANGUAGE_STANDARD = gnu11;
				GCC_DYNAMIC_NO_PIC = NO;
				GCC_NO_COMMON_BLOCKS = YES;
				GCC_OPTIMIZATION_LEVEL = 0;
				GCC_PREPROCESSOR_DEFINITIONS = (
					"DEBUG=1",
					"$(inherited)",
				);
				GCC_WARN_64_TO_32_BIT_CONVERSION = YES;
				GCC_WARN_ABOUT_RETURN_TYPE = YES_ERROR;
				GCC_WARN_UNDECLARED_SELECTOR = YES;
				GCC_WARN_UNINITIALIZED_AUTOS = YES_AGGRESSIVE;
				GCC_WARN_UNUSED_FUNCTION = YES;
				GCC_WARN_UNUSED_VARIABLE = YES;
				IPHONEOS_DEPLOYMENT_TARGET = 12.1;
				MTL_ENABLE_DEBUG_INFO = INCLUDE_SOURCE;
				MTL_FAST_MATH = YES;
				ONLY_ACTIVE_ARCH = YES;
				SDKROOT = iphoneos;
				SWIFT_ACTIVE_COMPILATION_CONDITIONS = DEBUG;
				SWIFT_OPTIMIZATION_LEVEL = "-Onone";
			};
			name = Debug;
		};
		882494E92236FBDE0036F41B /* Release */ = {
			isa = XCBuildConfiguration;
			buildSettings = {
				ALWAYS_SEARCH_USER_PATHS = NO;
				CLANG_ANALYZER_NONNULL = YES;
				CLANG_ANALYZER_NUMBER_OBJECT_CONVERSION = YES_AGGRESSIVE;
				CLANG_CXX_LANGUAGE_STANDARD = "gnu++14";
				CLANG_CXX_LIBRARY = "libc++";
				CLANG_ENABLE_MODULES = YES;
				CLANG_ENABLE_OBJC_ARC = YES;
				CLANG_ENABLE_OBJC_WEAK = YES;
				CLANG_WARN_BLOCK_CAPTURE_AUTORELEASING = YES;
				CLANG_WARN_BOOL_CONVERSION = YES;
				CLANG_WARN_COMMA = YES;
				CLANG_WARN_CONSTANT_CONVERSION = YES;
				CLANG_WARN_DEPRECATED_OBJC_IMPLEMENTATIONS = YES;
				CLANG_WARN_DIRECT_OBJC_ISA_USAGE = YES_ERROR;
				CLANG_WARN_DOCUMENTATION_COMMENTS = YES;
				CLANG_WARN_EMPTY_BODY = YES;
				CLANG_WARN_ENUM_CONVERSION = YES;
				CLANG_WARN_INFINITE_RECURSION = YES;
				CLANG_WARN_INT_CONVERSION = YES;
				CLANG_WARN_NON_LITERAL_NULL_CONVERSION = YES;
				CLANG_WARN_OBJC_IMPLICIT_RETAIN_SELF = YES;
				CLANG_WARN_OBJC_LITERAL_CONVERSION = YES;
				CLANG_WARN_OBJC_ROOT_CLASS = YES_ERROR;
				CLANG_WARN_RANGE_LOOP_ANALYSIS = YES;
				CLANG_WARN_STRICT_PROTOTYPES = YES;
				CLANG_WARN_SUSPICIOUS_MOVE = YES;
				CLANG_WARN_UNGUARDED_AVAILABILITY = YES_AGGRESSIVE;
				CLANG_WARN_UNREACHABLE_CODE = YES;
				CLANG_WARN__DUPLICATE_METHOD_MATCH = YES;
				CODE_SIGN_IDENTITY = "iPhone Developer";
				COPY_PHASE_STRIP = NO;
				DEBUG_INFORMATION_FORMAT = "dwarf-with-dsym";
				ENABLE_NS_ASSERTIONS = NO;
				ENABLE_STRICT_OBJC_MSGSEND = YES;
				GCC_C_LANGUAGE_STANDARD = gnu11;
				GCC_NO_COMMON_BLOCKS = YES;
				GCC_WARN_64_TO_32_BIT_CONVERSION = YES;
				GCC_WARN_ABOUT_RETURN_TYPE = YES_ERROR;
				GCC_WARN_UNDECLARED_SELECTOR = YES;
				GCC_WARN_UNINITIALIZED_AUTOS = YES_AGGRESSIVE;
				GCC_WARN_UNUSED_FUNCTION = YES;
				GCC_WARN_UNUSED_VARIABLE = YES;
				IPHONEOS_DEPLOYMENT_TARGET = 12.1;
				MTL_ENABLE_DEBUG_INFO = NO;
				MTL_FAST_MATH = YES;
				SDKROOT = iphoneos;
				SWIFT_COMPILATION_MODE = wholemodule;
				SWIFT_OPTIMIZATION_LEVEL = "-O";
				VALIDATE_PRODUCT = YES;
			};
			name = Release;
		};
		882494EB2236FBDE0036F41B /* Debug */ = {
			isa = XCBuildConfiguration;
			buildSettings = {
				ASSETCATALOG_COMPILER_APPICON_NAME = AppIcon;
				CODE_SIGN_STYLE = Automatic;
				INFOPLIST_FILE = project1/Info.plist;
				LD_RUNPATH_SEARCH_PATHS = (
					"$(inherited)",
					"@executable_path/Frameworks",
				);
				PRODUCT_BUNDLE_IDENTIFIER = student.project1;
				PRODUCT_NAME = "$(TARGET_NAME)";
				SWIFT_VERSION = 4.2;
				TARGETED_DEVICE_FAMILY = "1,2";
			};
			name = Debug;
		};
		882494EC2236FBDE0036F41B /* Release */ = {
			isa = XCBuildConfiguration;
			buildSettings = {
				ASSETCATALOG_COMPILER_APPICON_NAME = AppIcon;
				CODE_SIGN_STYLE = Automatic;
				INFOPLIST_FILE = project1/Info.plist;
				LD_RUNPATH_SEARCH_PATHS = (
					"$(inherited)",
					"@executable_path/Frameworks",
				);
				PRODUCT_BUNDLE_IDENTIFIER = student.project1;
				PRODUCT_NAME = "$(TARGET_NAME)";
				SWIFT_VERSION = 4.2;
				TARGETED_DEVICE_FAMILY = "1,2";
			};
			name = Release;
		};
		882494EE2236FBDE0036F41B /* Debug */ = {
			isa = XCBuildConfiguration;
			buildSettings = {
				ALWAYS_EMBED_SWIFT_STANDARD_LIBRARIES = YES;
				BUNDLE_LOADER = "$(TEST_HOST)";
				CODE_SIGN_STYLE = Automatic;
				INFOPLIST_FILE = project1Tests/Info.plist;
				LD_RUNPATH_SEARCH_PATHS = (
					"$(inherited)",
					"@executable_path/Frameworks",
					"@loader_path/Frameworks",
				);
				PRODUCT_BUNDLE_IDENTIFIER = student.project1Tests;
				PRODUCT_NAME = "$(TARGET_NAME)";
				SWIFT_VERSION = 4.2;
				TARGETED_DEVICE_FAMILY = "1,2";
				TEST_HOST = "$(BUILT_PRODUCTS_DIR)/project1.app/project1";
			};
			name = Debug;
		};
		882494EF2236FBDE0036F41B /* Release */ = {
			isa = XCBuildConfiguration;
			buildSettings = {
				ALWAYS_EMBED_SWIFT_STANDARD_LIBRARIES = YES;
				BUNDLE_LOADER = "$(TEST_HOST)";
				CODE_SIGN_STYLE = Automatic;
				INFOPLIST_FILE = project1Tests/Info.plist;
				LD_RUNPATH_SEARCH_PATHS = (
					"$(inherited)",
					"@executable_path/Frameworks",
					"@loader_path/Frameworks",
				);
				PRODUCT_BUNDLE_IDENTIFIER = student.project1Tests;
				PRODUCT_NAME = "$(TARGET_NAME)";
				SWIFT_VERSION = 4.2;
				TARGETED_DEVICE_FAMILY = "1,2";
				TEST_HOST = "$(BUILT_PRODUCTS_DIR)/project1.app/project1";
			};
			name = Release;
		};
		882494F12236FBDE0036F41B /* Debug */ = {
			isa = XCBuildConfiguration;
			buildSettings = {
				ALWAYS_EMBED_SWIFT_STANDARD_LIBRARIES = YES;
				CODE_SIGN_STYLE = Automatic;
				INFOPLIST_FILE = project1UITests/Info.plist;
				LD_RUNPATH_SEARCH_PATHS = (
					"$(inherited)",
					"@executable_path/Frameworks",
					"@loader_path/Frameworks",
				);
				PRODUCT_BUNDLE_IDENTIFIER = student.project1UITests;
				PRODUCT_NAME = "$(TARGET_NAME)";
				SWIFT_VERSION = 4.2;
				TARGETED_DEVICE_FAMILY = "1,2";
				TEST_TARGET_NAME = project1;
			};
			name = Debug;
		};
		882494F22236FBDE0036F41B /* Release */ = {
			isa = XCBuildConfiguration;
			buildSettings = {
				ALWAYS_EMBED_SWIFT_STANDARD_LIBRARIES = YES;
				CODE_SIGN_STYLE = Automatic;
				INFOPLIST_FILE = project1UITests/Info.plist;
				LD_RUNPATH_SEARCH_PATHS = (
					"$(inherited)",
					"@executable_path/Frameworks",
					"@loader_path/Frameworks",
				);
				PRODUCT_BUNDLE_IDENTIFIER = student.project1UITests;
				PRODUCT_NAME = "$(TARGET_NAME)";
				SWIFT_VERSION = 4.2;
				TARGETED_DEVICE_FAMILY = "1,2";
				TEST_TARGET_NAME = project1;
			};
			name = Release;
		};
/* End XCBuildConfiguration section */

/* Begin XCConfigurationList section */
		882494BD2236FBDB0036F41B /* Build configuration list for PBXProject "project1" */ = {
			isa = XCConfigurationList;
			buildConfigurations = (
				882494E82236FBDE0036F41B /* Debug */,
				882494E92236FBDE0036F41B /* Release */,
			);
			defaultConfigurationIsVisible = 0;
			defaultConfigurationName = Release;
		};
		882494EA2236FBDE0036F41B /* Build configuration list for PBXNativeTarget "project1" */ = {
			isa = XCConfigurationList;
			buildConfigurations = (
				882494EB2236FBDE0036F41B /* Debug */,
				882494EC2236FBDE0036F41B /* Release */,
			);
			defaultConfigurationIsVisible = 0;
			defaultConfigurationName = Release;
		};
		882494ED2236FBDE0036F41B /* Build configuration list for PBXNativeTarget "project1Tests" */ = {
			isa = XCConfigurationList;
			buildConfigurations = (
				882494EE2236FBDE0036F41B /* Debug */,
				882494EF2236FBDE0036F41B /* Release */,
			);
			defaultConfigurationIsVisible = 0;
			defaultConfigurationName = Release;
		};
		882494F02236FBDE0036F41B /* Build configuration list for PBXNativeTarget "project1UITests" */ = {
			isa = XCConfigurationList;
			buildConfigurations = (
				882494F12236FBDE0036F41B /* Debug */,
				882494F22236FBDE0036F41B /* Release */,
			);
			defaultConfigurationIsVisible = 0;
			defaultConfigurationName = Release;
		};
/* End XCConfigurationList section */
	};
	rootObject = 882494BA2236FBDB0036F41B /* Project object */;
}
